
Microsoft Visual Studio Solution File, Format Version 12.00
# Visual Studio 2012
Project("{FAE04EC0-301F-11D3-BF4B-00C04F79EFBC}") = "Maticsoft.BLL", "Maticsoft.BLL\Maticsoft.BLL.csproj", "{9EE8678A-06E6-4F92-A9F7-5BF5970573C8}"
EndProject
Project("{FAE04EC0-301F-11D3-BF4B-00C04F79EFBC}") = "Maticsoft.SQLServerDAL", "Maticsoft.SQLServerDAL\Maticsoft.SQLServerDAL.csproj", "{49FB33CD-A2F1-4CA5-A739-F466851C9745}"
EndProject
Project("{FAE04EC0-301F-11D3-BF4B-00C04F79EFBC}") = "Maticsoft.Model", "Maticsoft.Model\Maticsoft.Model.csproj", "{0988C03E-F019-40C3-B24E-476A6DA1BC60}"
EndProject
Project("{FAE04EC0-301F-11D3-BF4B-00C04F79EFBC}") = "Maticsoft.DALFactory", "Maticsoft.DALFactory\Maticsoft.DALFactory.csproj", "{B8EC1189-040C-40B3-85CE-8356B1DE825C}"
EndProject
Project("{FAE04EC0-301F-11D3-BF4B-00C04F79EFBC}") = "Maticsoft.IDAL", "Maticsoft.IDAL\Maticsoft.IDAL.csproj", "{A4F34F0C-FE32-40C1-9443-87A2BF72EF7C}"
EndProject
Project("{FAE04EC0-301F-11D3-BF4B-00C04F79EFBC}") = "Maticsoft.ViewModel", "Maticsoft.ViewModel\Maticsoft.ViewModel.csproj", "{2882C80A-B5DD-49D4-983E-E728E09CB26D}"
EndProject
Project("{FAE04EC0-301F-11D3-BF4B-00C04F79EFBC}") = "Maticsoft.Web", "Maticsoft.Web\Maticsoft.Web.csproj", "{7839A7F8-296F-45FF-B16A-70D62297FE54}"
EndProject
Project("{FAE04EC0-301F-11D3-BF4B-00C04F79EFBC}") = "Maticsoft.Services", "Maticsoft.Services\Maticsoft.Services.csproj", "{EF5D3F04-8939-4352-BF5E-44F61CE48D59}"
EndProject
Project("{FAE04EC0-301F-11D3-BF4B-00C04F79EFBC}") = "Maticsoft.Test", "Maticsoft.Test\Maticsoft.Test.csproj", "{7356BA5A-B44F-4E67-BF0C-5D641727C3FC}"
EndProject
Project("{FAE04EC0-301F-11D3-BF4B-00C04F79EFBC}") = "Maticsoft.Payment", "Maticsoft.Payment\Maticsoft.Payment.csproj", "{F441A3ED-F88E-4862-8648-D8A4C37E13C8}"
EndProject
Project("{FAE04EC0-301F-11D3-BF4B-00C04F79EFBC}") = "ServiceStack.RedisCache", "ServiceStack.RedisCache\ServiceStack.RedisCache.csproj", "{85B0BE66-EB62-416E-8606-CF2C1EB3AE13}"
EndProject
Project("{2150E333-8FDC-42A3-9474-1A3956D46DE8}") = "UnitTest", "UnitTest", "{57BAC0D1-775A-4D07-891E-818D35F7E26C}"
EndProject
Project("{FAE04EC0-301F-11D3-BF4B-00C04F79EFBC}") = "Maticsoft.Components", "Maticsoft.Components\Maticsoft.Components.csproj", "{52BF2294-ECE9-4D8F-928A-D63674CE0B7E}"
EndProject
Project("{FAE04EC0-301F-11D3-BF4B-00C04F79EFBC}") = "Maticsoft.WeChat", "Maticsoft.WeChat\Maticsoft.WeChat.csproj", "{F1D544FB-91C1-4A9F-99D4-237B34BC9A94}"
EndProject
Project("{FAE04EC0-301F-11D3-BF4B-00C04F79EFBC}") = "AppServices", "AppServices\AppServices.csproj", "{CB6516FC-06D4-4677-AB47-B415242C35F2}"
EndProject
Project("{FAE04EC0-301F-11D3-BF4B-00C04F79EFBC}") = "Maticsoft.ShoppingCart", "Maticsoft.ShoppingCart\Maticsoft.ShoppingCart.csproj", "{7910C2DF-31A8-47EB-913F-8F8BAE06CC79}"
EndProject
Global
	GlobalSection(TestCaseManagementSettings) = postSolution
		CategoryFile = Maticsoft.vsmdi
	EndGlobalSection
	GlobalSection(SolutionConfigurationPlatforms) = preSolution
		Debug|Any CPU = Debug|Any CPU
		Debug|Itanium = Debug|Itanium
		Debug|Mixed Platforms = Debug|Mixed Platforms
		Debug|x64 = Debug|x64
		Debug|x86 = Debug|x86
		MonoTouch|Any CPU = MonoTouch|Any CPU
		MonoTouch|Itanium = MonoTouch|Itanium
		MonoTouch|Mixed Platforms = MonoTouch|Mixed Platforms
		MonoTouch|x64 = MonoTouch|x64
		MonoTouch|x86 = MonoTouch|x86
		Release|Any CPU = Release|Any CPU
		Release|Itanium = Release|Itanium
		Release|Mixed Platforms = Release|Mixed Platforms
		Release|x64 = Release|x64
		Release|x86 = Release|x86
		STATIC_ONLY NO_EXPRESSIONS|Any CPU = STATIC_ONLY NO_EXPRESSIONS|Any CPU
		STATIC_ONLY NO_EXPRESSIONS|Itanium = STATIC_ONLY NO_EXPRESSIONS|Itanium
		STATIC_ONLY NO_EXPRESSIONS|Mixed Platforms = STATIC_ONLY NO_EXPRESSIONS|Mixed Platforms
		STATIC_ONLY NO_EXPRESSIONS|x64 = STATIC_ONLY NO_EXPRESSIONS|x64
		STATIC_ONLY NO_EXPRESSIONS|x86 = STATIC_ONLY NO_EXPRESSIONS|x86
	EndGlobalSection
	GlobalSection(ProjectConfigurationPlatforms) = postSolution
		{9EE8678A-06E6-4F92-A9F7-5BF5970573C8}.Debug|Any CPU.ActiveCfg = Debug|Any CPU
		{9EE8678A-06E6-4F92-A9F7-5BF5970573C8}.Debug|Any CPU.Build.0 = Debug|Any CPU
		{9EE8678A-06E6-4F92-A9F7-5BF5970573C8}.Debug|Itanium.ActiveCfg = Debug|Any CPU
		{9EE8678A-06E6-4F92-A9F7-5BF5970573C8}.Debug|Mixed Platforms.ActiveCfg = Debug|Any CPU
		{9EE8678A-06E6-4F92-A9F7-5BF5970573C8}.Debug|Mixed Platforms.Build.0 = Debug|Any CPU
		{9EE8678A-06E6-4F92-A9F7-5BF5970573C8}.Debug|x64.ActiveCfg = Debug|Any CPU
		{9EE8678A-06E6-4F92-A9F7-5BF5970573C8}.Debug|x86.ActiveCfg = Debug|Any CPU
		{9EE8678A-06E6-4F92-A9F7-5BF5970573C8}.MonoTouch|Any CPU.ActiveCfg = Release|Any CPU
		{9EE8678A-06E6-4F92-A9F7-5BF5970573C8}.MonoTouch|Any CPU.Build.0 = Release|Any CPU
		{9EE8678A-06E6-4F92-A9F7-5BF5970573C8}.MonoTouch|Itanium.ActiveCfg = Release|Any CPU
		{9EE8678A-06E6-4F92-A9F7-5BF5970573C8}.MonoTouch|Mixed Platforms.ActiveCfg = Release|Any CPU
		{9EE8678A-06E6-4F92-A9F7-5BF5970573C8}.MonoTouch|Mixed Platforms.Build.0 = Release|Any CPU
		{9EE8678A-06E6-4F92-A9F7-5BF5970573C8}.MonoTouch|x64.ActiveCfg = Release|Any CPU
		{9EE8678A-06E6-4F92-A9F7-5BF5970573C8}.MonoTouch|x86.ActiveCfg = Release|Any CPU
		{9EE8678A-06E6-4F92-A9F7-5BF5970573C8}.Release|Any CPU.ActiveCfg = Release|Any CPU
		{9EE8678A-06E6-4F92-A9F7-5BF5970573C8}.Release|Any CPU.Build.0 = Release|Any CPU
		{9EE8678A-06E6-4F92-A9F7-5BF5970573C8}.Release|Itanium.ActiveCfg = Release|Any CPU
		{9EE8678A-06E6-4F92-A9F7-5BF5970573C8}.Release|Mixed Platforms.ActiveCfg = Release|Any CPU
		{9EE8678A-06E6-4F92-A9F7-5BF5970573C8}.Release|Mixed Platforms.Build.0 = Release|Any CPU
		{9EE8678A-06E6-4F92-A9F7-5BF5970573C8}.Release|x64.ActiveCfg = Release|Any CPU
		{9EE8678A-06E6-4F92-A9F7-5BF5970573C8}.Release|x86.ActiveCfg = Release|Any CPU
		{9EE8678A-06E6-4F92-A9F7-5BF5970573C8}.STATIC_ONLY NO_EXPRESSIONS|Any CPU.ActiveCfg = Release|Any CPU
		{9EE8678A-06E6-4F92-A9F7-5BF5970573C8}.STATIC_ONLY NO_EXPRESSIONS|Any CPU.Build.0 = Release|Any CPU
		{9EE8678A-06E6-4F92-A9F7-5BF5970573C8}.STATIC_ONLY NO_EXPRESSIONS|Itanium.ActiveCfg = Release|Any CPU
		{9EE8678A-06E6-4F92-A9F7-5BF5970573C8}.STATIC_ONLY NO_EXPRESSIONS|Mixed Platforms.ActiveCfg = Release|Any CPU
		{9EE8678A-06E6-4F92-A9F7-5BF5970573C8}.STATIC_ONLY NO_EXPRESSIONS|Mixed Platforms.Build.0 = Release|Any CPU
		{9EE8678A-06E6-4F92-A9F7-5BF5970573C8}.STATIC_ONLY NO_EXPRESSIONS|x64.ActiveCfg = Release|Any CPU
		{9EE8678A-06E6-4F92-A9F7-5BF5970573C8}.STATIC_ONLY NO_EXPRESSIONS|x86.ActiveCfg = Release|Any CPU
		{49FB33CD-A2F1-4CA5-A739-F466851C9745}.Debug|Any CPU.ActiveCfg = Debug|Any CPU
		{49FB33CD-A2F1-4CA5-A739-F466851C9745}.Debug|Any CPU.Build.0 = Debug|Any CPU
		{49FB33CD-A2F1-4CA5-A739-F466851C9745}.Debug|Itanium.ActiveCfg = Debug|Any CPU
		{49FB33CD-A2F1-4CA5-A739-F466851C9745}.Debug|Mixed Platforms.ActiveCfg = Debug|Any CPU
		{49FB33CD-A2F1-4CA5-A739-F466851C9745}.Debug|Mixed Platforms.Build.0 = Debug|Any CPU
		{49FB33CD-A2F1-4CA5-A739-F466851C9745}.Debug|x64.ActiveCfg = Debug|Any CPU
		{49FB33CD-A2F1-4CA5-A739-F466851C9745}.Debug|x86.ActiveCfg = Debug|Any CPU
		{49FB33CD-A2F1-4CA5-A739-F466851C9745}.MonoTouch|Any CPU.ActiveCfg = Release|Any CPU
		{49FB33CD-A2F1-4CA5-A739-F466851C9745}.MonoTouch|Any CPU.Build.0 = Release|Any CPU
		{49FB33CD-A2F1-4CA5-A739-F466851C9745}.MonoTouch|Itanium.ActiveCfg = Release|Any CPU
		{49FB33CD-A2F1-4CA5-A739-F466851C9745}.MonoTouch|Mixed Platforms.ActiveCfg = Release|Any CPU
		{49FB33CD-A2F1-4CA5-A739-F466851C9745}.MonoTouch|Mixed Platforms.Build.0 = Release|Any CPU
		{49FB33CD-A2F1-4CA5-A739-F466851C9745}.MonoTouch|x64.ActiveCfg = Release|Any CPU
		{49FB33CD-A2F1-4CA5-A739-F466851C9745}.MonoTouch|x86.ActiveCfg = Release|Any CPU
		{49FB33CD-A2F1-4CA5-A739-F466851C9745}.Release|Any CPU.ActiveCfg = Release|Any CPU
		{49FB33CD-A2F1-4CA5-A739-F466851C9745}.Release|Any CPU.Build.0 = Release|Any CPU
		{49FB33CD-A2F1-4CA5-A739-F466851C9745}.Release|Itanium.ActiveCfg = Release|Any CPU
		{49FB33CD-A2F1-4CA5-A739-F466851C9745}.Release|Mixed Platforms.ActiveCfg = Release|Any CPU
		{49FB33CD-A2F1-4CA5-A739-F466851C9745}.Release|Mixed Platforms.Build.0 = Release|Any CPU
		{49FB33CD-A2F1-4CA5-A739-F466851C9745}.Release|x64.ActiveCfg = Release|Any CPU
		{49FB33CD-A2F1-4CA5-A739-F466851C9745}.Release|x86.ActiveCfg = Release|Any CPU
		{49FB33CD-A2F1-4CA5-A739-F466851C9745}.STATIC_ONLY NO_EXPRESSIONS|Any CPU.ActiveCfg = Release|Any CPU
		{49FB33CD-A2F1-4CA5-A739-F466851C9745}.STATIC_ONLY NO_EXPRESSIONS|Any CPU.Build.0 = Release|Any CPU
		{49FB33CD-A2F1-4CA5-A739-F466851C9745}.STATIC_ONLY NO_EXPRESSIONS|Itanium.ActiveCfg = Release|Any CPU
		{49FB33CD-A2F1-4CA5-A739-F466851C9745}.STATIC_ONLY NO_EXPRESSIONS|Mixed Platforms.ActiveCfg = Release|Any CPU
		{49FB33CD-A2F1-4CA5-A739-F466851C9745}.STATIC_ONLY NO_EXPRESSIONS|Mixed Platforms.Build.0 = Release|Any CPU
		{49FB33CD-A2F1-4CA5-A739-F466851C9745}.STATIC_ONLY NO_EXPRESSIONS|x64.ActiveCfg = Release|Any CPU
		{49FB33CD-A2F1-4CA5-A739-F466851C9745}.STATIC_ONLY NO_EXPRESSIONS|x86.ActiveCfg = Release|Any CPU
		{0988C03E-F019-40C3-B24E-476A6DA1BC60}.Debug|Any CPU.ActiveCfg = Debug|Any CPU
		{0988C03E-F019-40C3-B24E-476A6DA1BC60}.Debug|Any CPU.Build.0 = Debug|Any CPU
		{0988C03E-F019-40C3-B24E-476A6DA1BC60}.Debug|Itanium.ActiveCfg = Debug|Any CPU
		{0988C03E-F019-40C3-B24E-476A6DA1BC60}.Debug|Mixed Platforms.ActiveCfg = Debug|Any CPU
		{0988C03E-F019-40C3-B24E-476A6DA1BC60}.Debug|Mixed Platforms.Build.0 = Debug|Any CPU
		{0988C03E-F019-40C3-B24E-476A6DA1BC60}.Debug|x64.ActiveCfg = Debug|Any CPU
		{0988C03E-F019-40C3-B24E-476A6DA1BC60}.Debug|x86.ActiveCfg = Debug|Any CPU
		{0988C03E-F019-40C3-B24E-476A6DA1BC60}.MonoTouch|Any CPU.ActiveCfg = Release|Any CPU
		{0988C03E-F019-40C3-B24E-476A6DA1BC60}.MonoTouch|Any CPU.Build.0 = Release|Any CPU
		{0988C03E-F019-40C3-B24E-476A6DA1BC60}.MonoTouch|Itanium.ActiveCfg = Release|Any CPU
		{0988C03E-F019-40C3-B24E-476A6DA1BC60}.MonoTouch|Mixed Platforms.ActiveCfg = Release|Any CPU
		{0988C03E-F019-40C3-B24E-476A6DA1BC60}.MonoTouch|Mixed Platforms.Build.0 = Release|Any CPU
		{0988C03E-F019-40C3-B24E-476A6DA1BC60}.MonoTouch|x64.ActiveCfg = Release|Any CPU
		{0988C03E-F019-40C3-B24E-476A6DA1BC60}.MonoTouch|x86.ActiveCfg = Release|Any CPU
		{0988C03E-F019-40C3-B24E-476A6DA1BC60}.Release|Any CPU.ActiveCfg = Release|Any CPU
		{0988C03E-F019-40C3-B24E-476A6DA1BC60}.Release|Any CPU.Build.0 = Release|Any CPU
		{0988C03E-F019-40C3-B24E-476A6DA1BC60}.Release|Itanium.ActiveCfg = Release|Any CPU
		{0988C03E-F019-40C3-B24E-476A6DA1BC60}.Release|Mixed Platforms.ActiveCfg = Release|Any CPU
		{0988C03E-F019-40C3-B24E-476A6DA1BC60}.Release|Mixed Platforms.Build.0 = Release|Any CPU
		{0988C03E-F019-40C3-B24E-476A6DA1BC60}.Release|x64.ActiveCfg = Release|Any CPU
		{0988C03E-F019-40C3-B24E-476A6DA1BC60}.Release|x86.ActiveCfg = Release|Any CPU
		{0988C03E-F019-40C3-B24E-476A6DA1BC60}.STATIC_ONLY NO_EXPRESSIONS|Any CPU.ActiveCfg = Release|Any CPU
		{0988C03E-F019-40C3-B24E-476A6DA1BC60}.STATIC_ONLY NO_EXPRESSIONS|Any CPU.Build.0 = Release|Any CPU
		{0988C03E-F019-40C3-B24E-476A6DA1BC60}.STATIC_ONLY NO_EXPRESSIONS|Itanium.ActiveCfg = Release|Any CPU
		{0988C03E-F019-40C3-B24E-476A6DA1BC60}.STATIC_ONLY NO_EXPRESSIONS|Mixed Platforms.ActiveCfg = Release|Any CPU
		{0988C03E-F019-40C3-B24E-476A6DA1BC60}.STATIC_ONLY NO_EXPRESSIONS|Mixed Platforms.Build.0 = Release|Any CPU
		{0988C03E-F019-40C3-B24E-476A6DA1BC60}.STATIC_ONLY NO_EXPRESSIONS|x64.ActiveCfg = Release|Any CPU
		{0988C03E-F019-40C3-B24E-476A6DA1BC60}.STATIC_ONLY NO_EXPRESSIONS|x86.ActiveCfg = Release|Any CPU
		{B8EC1189-040C-40B3-85CE-8356B1DE825C}.Debug|Any CPU.ActiveCfg = Debug|Any CPU
		{B8EC1189-040C-40B3-85CE-8356B1DE825C}.Debug|Any CPU.Build.0 = Debug|Any CPU
		{B8EC1189-040C-40B3-85CE-8356B1DE825C}.Debug|Itanium.ActiveCfg = Debug|Any CPU
		{B8EC1189-040C-40B3-85CE-8356B1DE825C}.Debug|Mixed Platforms.ActiveCfg = Debug|Any CPU
		{B8EC1189-040C-40B3-85CE-8356B1DE825C}.Debug|Mixed Platforms.Build.0 = Debug|Any CPU
		{B8EC1189-040C-40B3-85CE-8356B1DE825C}.Debug|x64.ActiveCfg = Debug|Any CPU
		{B8EC1189-040C-40B3-85CE-8356B1DE825C}.Debug|x86.ActiveCfg = Debug|Any CPU
		{B8EC1189-040C-40B3-85CE-8356B1DE825C}.MonoTouch|Any CPU.ActiveCfg = Release|Any CPU
		{B8EC1189-040C-40B3-85CE-8356B1DE825C}.MonoTouch|Any CPU.Build.0 = Release|Any CPU
		{B8EC1189-040C-40B3-85CE-8356B1DE825C}.MonoTouch|Itanium.ActiveCfg = Release|Any CPU
		{B8EC1189-040C-40B3-85CE-8356B1DE825C}.MonoTouch|Mixed Platforms.ActiveCfg = Release|Any CPU
		{B8EC1189-040C-40B3-85CE-8356B1DE825C}.MonoTouch|Mixed Platforms.Build.0 = Release|Any CPU
		{B8EC1189-040C-40B3-85CE-8356B1DE825C}.MonoTouch|x64.ActiveCfg = Release|Any CPU
		{B8EC1189-040C-40B3-85CE-8356B1DE825C}.MonoTouch|x86.ActiveCfg = Release|Any CPU
		{B8EC1189-040C-40B3-85CE-8356B1DE825C}.Release|Any CPU.ActiveCfg = Release|Any CPU
		{B8EC1189-040C-40B3-85CE-8356B1DE825C}.Release|Any CPU.Build.0 = Release|Any CPU
		{B8EC1189-040C-40B3-85CE-8356B1DE825C}.Release|Itanium.ActiveCfg = Release|Any CPU
		{B8EC1189-040C-40B3-85CE-8356B1DE825C}.Release|Mixed Platforms.ActiveCfg = Release|Any CPU
		{B8EC1189-040C-40B3-85CE-8356B1DE825C}.Release|Mixed Platforms.Build.0 = Release|Any CPU
		{B8EC1189-040C-40B3-85CE-8356B1DE825C}.Release|x64.ActiveCfg = Release|Any CPU
		{B8EC1189-040C-40B3-85CE-8356B1DE825C}.Release|x86.ActiveCfg = Release|Any CPU
		{B8EC1189-040C-40B3-85CE-8356B1DE825C}.STATIC_ONLY NO_EXPRESSIONS|Any CPU.ActiveCfg = Release|Any CPU
		{B8EC1189-040C-40B3-85CE-8356B1DE825C}.STATIC_ONLY NO_EXPRESSIONS|Any CPU.Build.0 = Release|Any CPU
		{B8EC1189-040C-40B3-85CE-8356B1DE825C}.STATIC_ONLY NO_EXPRESSIONS|Itanium.ActiveCfg = Release|Any CPU
		{B8EC1189-040C-40B3-85CE-8356B1DE825C}.STATIC_ONLY NO_EXPRESSIONS|Mixed Platforms.ActiveCfg = Release|Any CPU
		{B8EC1189-040C-40B3-85CE-8356B1DE825C}.STATIC_ONLY NO_EXPRESSIONS|Mixed Platforms.Build.0 = Release|Any CPU
		{B8EC1189-040C-40B3-85CE-8356B1DE825C}.STATIC_ONLY NO_EXPRESSIONS|x64.ActiveCfg = Release|Any CPU
		{B8EC1189-040C-40B3-85CE-8356B1DE825C}.STATIC_ONLY NO_EXPRESSIONS|x86.ActiveCfg = Release|Any CPU
		{A4F34F0C-FE32-40C1-9443-87A2BF72EF7C}.Debug|Any CPU.ActiveCfg = Debug|Any CPU
		{A4F34F0C-FE32-40C1-9443-87A2BF72EF7C}.Debug|Any CPU.Build.0 = Debug|Any CPU
		{A4F34F0C-FE32-40C1-9443-87A2BF72EF7C}.Debug|Itanium.ActiveCfg = Debug|Any CPU
		{A4F34F0C-FE32-40C1-9443-87A2BF72EF7C}.Debug|Mixed Platforms.ActiveCfg = Debug|Any CPU
		{A4F34F0C-FE32-40C1-9443-87A2BF72EF7C}.Debug|Mixed Platforms.Build.0 = Debug|Any CPU
		{A4F34F0C-FE32-40C1-9443-87A2BF72EF7C}.Debug|x64.ActiveCfg = Debug|Any CPU
		{A4F34F0C-FE32-40C1-9443-87A2BF72EF7C}.Debug|x86.ActiveCfg = Debug|Any CPU
		{A4F34F0C-FE32-40C1-9443-87A2BF72EF7C}.MonoTouch|Any CPU.ActiveCfg = Release|Any CPU
		{A4F34F0C-FE32-40C1-9443-87A2BF72EF7C}.MonoTouch|Any CPU.Build.0 = Release|Any CPU
		{A4F34F0C-FE32-40C1-9443-87A2BF72EF7C}.MonoTouch|Itanium.ActiveCfg = Release|Any CPU
		{A4F34F0C-FE32-40C1-9443-87A2BF72EF7C}.MonoTouch|Mixed Platforms.ActiveCfg = Release|Any CPU
		{A4F34F0C-FE32-40C1-9443-87A2BF72EF7C}.MonoTouch|Mixed Platforms.Build.0 = Release|Any CPU
		{A4F34F0C-FE32-40C1-9443-87A2BF72EF7C}.MonoTouch|x64.ActiveCfg = Release|Any CPU
		{A4F34F0C-FE32-40C1-9443-87A2BF72EF7C}.MonoTouch|x86.ActiveCfg = Release|Any CPU
		{A4F34F0C-FE32-40C1-9443-87A2BF72EF7C}.Release|Any CPU.ActiveCfg = Release|Any CPU
		{A4F34F0C-FE32-40C1-9443-87A2BF72EF7C}.Release|Any CPU.Build.0 = Release|Any CPU
		{A4F34F0C-FE32-40C1-9443-87A2BF72EF7C}.Release|Itanium.ActiveCfg = Release|Any CPU
		{A4F34F0C-FE32-40C1-9443-87A2BF72EF7C}.Release|Mixed Platforms.ActiveCfg = Release|Any CPU
		{A4F34F0C-FE32-40C1-9443-87A2BF72EF7C}.Release|Mixed Platforms.Build.0 = Release|Any CPU
		{A4F34F0C-FE32-40C1-9443-87A2BF72EF7C}.Release|x64.ActiveCfg = Release|Any CPU
		{A4F34F0C-FE32-40C1-9443-87A2BF72EF7C}.Release|x86.ActiveCfg = Release|Any CPU
		{A4F34F0C-FE32-40C1-9443-87A2BF72EF7C}.STATIC_ONLY NO_EXPRESSIONS|Any CPU.ActiveCfg = Release|Any CPU
		{A4F34F0C-FE32-40C1-9443-87A2BF72EF7C}.STATIC_ONLY NO_EXPRESSIONS|Any CPU.Build.0 = Release|Any CPU
		{A4F34F0C-FE32-40C1-9443-87A2BF72EF7C}.STATIC_ONLY NO_EXPRESSIONS|Itanium.ActiveCfg = Release|Any CPU
		{A4F34F0C-FE32-40C1-9443-87A2BF72EF7C}.STATIC_ONLY NO_EXPRESSIONS|Mixed Platforms.ActiveCfg = Release|Any CPU
		{A4F34F0C-FE32-40C1-9443-87A2BF72EF7C}.STATIC_ONLY NO_EXPRESSIONS|Mixed Platforms.Build.0 = Release|Any CPU
		{A4F34F0C-FE32-40C1-9443-87A2BF72EF7C}.STATIC_ONLY NO_EXPRESSIONS|x64.ActiveCfg = Release|Any CPU
		{A4F34F0C-FE32-40C1-9443-87A2BF72EF7C}.STATIC_ONLY NO_EXPRESSIONS|x86.ActiveCfg = Release|Any CPU
		{2882C80A-B5DD-49D4-983E-E728E09CB26D}.Debug|Any CPU.ActiveCfg = Debug|Any CPU
		{2882C80A-B5DD-49D4-983E-E728E09CB26D}.Debug|Any CPU.Build.0 = Debug|Any CPU
		{2882C80A-B5DD-49D4-983E-E728E09CB26D}.Debug|Itanium.ActiveCfg = Debug|Any CPU
		{2882C80A-B5DD-49D4-983E-E728E09CB26D}.Debug|Mixed Platforms.ActiveCfg = Debug|Any CPU
		{2882C80A-B5DD-49D4-983E-E728E09CB26D}.Debug|Mixed Platforms.Build.0 = Debug|Any CPU
		{2882C80A-B5DD-49D4-983E-E728E09CB26D}.Debug|x64.ActiveCfg = Debug|Any CPU
		{2882C80A-B5DD-49D4-983E-E728E09CB26D}.Debug|x86.ActiveCfg = Debug|Any CPU
		{2882C80A-B5DD-49D4-983E-E728E09CB26D}.MonoTouch|Any CPU.ActiveCfg = Release|Any CPU
		{2882C80A-B5DD-49D4-983E-E728E09CB26D}.MonoTouch|Any CPU.Build.0 = Release|Any CPU
		{2882C80A-B5DD-49D4-983E-E728E09CB26D}.MonoTouch|Itanium.ActiveCfg = Release|Any CPU
		{2882C80A-B5DD-49D4-983E-E728E09CB26D}.MonoTouch|Mixed Platforms.ActiveCfg = Release|Any CPU
		{2882C80A-B5DD-49D4-983E-E728E09CB26D}.MonoTouch|Mixed Platforms.Build.0 = Release|Any CPU
		{2882C80A-B5DD-49D4-983E-E728E09CB26D}.MonoTouch|x64.ActiveCfg = Release|Any CPU
		{2882C80A-B5DD-49D4-983E-E728E09CB26D}.MonoTouch|x86.ActiveCfg = Release|Any CPU
		{2882C80A-B5DD-49D4-983E-E728E09CB26D}.Release|Any CPU.ActiveCfg = Release|Any CPU
		{2882C80A-B5DD-49D4-983E-E728E09CB26D}.Release|Any CPU.Build.0 = Release|Any CPU
		{2882C80A-B5DD-49D4-983E-E728E09CB26D}.Release|Itanium.ActiveCfg = Release|Any CPU
		{2882C80A-B5DD-49D4-983E-E728E09CB26D}.Release|Mixed Platforms.ActiveCfg = Release|Any CPU
		{2882C80A-B5DD-49D4-983E-E728E09CB26D}.Release|Mixed Platforms.Build.0 = Release|Any CPU
		{2882C80A-B5DD-49D4-983E-E728E09CB26D}.Release|x64.ActiveCfg = Release|Any CPU
		{2882C80A-B5DD-49D4-983E-E728E09CB26D}.Release|x86.ActiveCfg = Release|Any CPU
		{2882C80A-B5DD-49D4-983E-E728E09CB26D}.STATIC_ONLY NO_EXPRESSIONS|Any CPU.ActiveCfg = Release|Any CPU
		{2882C80A-B5DD-49D4-983E-E728E09CB26D}.STATIC_ONLY NO_EXPRESSIONS|Any CPU.Build.0 = Release|Any CPU
		{2882C80A-B5DD-49D4-983E-E728E09CB26D}.STATIC_ONLY NO_EXPRESSIONS|Itanium.ActiveCfg = Release|Any CPU
		{2882C80A-B5DD-49D4-983E-E728E09CB26D}.STATIC_ONLY NO_EXPRESSIONS|Mixed Platforms.ActiveCfg = Release|Any CPU
		{2882C80A-B5DD-49D4-983E-E728E09CB26D}.STATIC_ONLY NO_EXPRESSIONS|Mixed Platforms.Build.0 = Release|Any CPU
		{2882C80A-B5DD-49D4-983E-E728E09CB26D}.STATIC_ONLY NO_EXPRESSIONS|x64.ActiveCfg = Release|Any CPU
		{2882C80A-B5DD-49D4-983E-E728E09CB26D}.STATIC_ONLY NO_EXPRESSIONS|x86.ActiveCfg = Release|Any CPU
		{7839A7F8-296F-45FF-B16A-70D62297FE54}.Debug|Any CPU.ActiveCfg = Debug|Any CPU
		{7839A7F8-296F-45FF-B16A-70D62297FE54}.Debug|Any CPU.Build.0 = Debug|Any CPU
		{7839A7F8-296F-45FF-B16A-70D62297FE54}.Debug|Itanium.ActiveCfg = Debug|Any CPU
		{7839A7F8-296F-45FF-B16A-70D62297FE54}.Debug|Mixed Platforms.ActiveCfg = Debug|Any CPU
		{7839A7F8-296F-45FF-B16A-70D62297FE54}.Debug|Mixed Platforms.Build.0 = Debug|Any CPU
		{7839A7F8-296F-45FF-B16A-70D62297FE54}.Debug|x64.ActiveCfg = Debug|Any CPU
		{7839A7F8-296F-45FF-B16A-70D62297FE54}.Debug|x86.ActiveCfg = Debug|Any CPU
		{7839A7F8-296F-45FF-B16A-70D62297FE54}.MonoTouch|Any CPU.ActiveCfg = Release|Any CPU
		{7839A7F8-296F-45FF-B16A-70D62297FE54}.MonoTouch|Any CPU.Build.0 = Release|Any CPU
		{7839A7F8-296F-45FF-B16A-70D62297FE54}.MonoTouch|Itanium.ActiveCfg = Release|Any CPU
		{7839A7F8-296F-45FF-B16A-70D62297FE54}.MonoTouch|Mixed Platforms.ActiveCfg = Release|Any CPU
		{7839A7F8-296F-45FF-B16A-70D62297FE54}.MonoTouch|Mixed Platforms.Build.0 = Release|Any CPU
		{7839A7F8-296F-45FF-B16A-70D62297FE54}.MonoTouch|x64.ActiveCfg = Release|Any CPU
		{7839A7F8-296F-45FF-B16A-70D62297FE54}.MonoTouch|x86.ActiveCfg = Release|Any CPU
		{7839A7F8-296F-45FF-B16A-70D62297FE54}.Release|Any CPU.ActiveCfg = Release|Any CPU
		{7839A7F8-296F-45FF-B16A-70D62297FE54}.Release|Any CPU.Build.0 = Release|Any CPU
		{7839A7F8-296F-45FF-B16A-70D62297FE54}.Release|Itanium.ActiveCfg = Release|Any CPU
		{7839A7F8-296F-45FF-B16A-70D62297FE54}.Release|Mixed Platforms.ActiveCfg = Release|Any CPU
		{7839A7F8-296F-45FF-B16A-70D62297FE54}.Release|Mixed Platforms.Build.0 = Release|Any CPU
		{7839A7F8-296F-45FF-B16A-70D62297FE54}.Release|x64.ActiveCfg = Release|Any CPU
		{7839A7F8-296F-45FF-B16A-70D62297FE54}.Release|x86.ActiveCfg = Release|Any CPU
		{7839A7F8-296F-45FF-B16A-70D62297FE54}.STATIC_ONLY NO_EXPRESSIONS|Any CPU.ActiveCfg = Release|Any CPU
		{7839A7F8-296F-45FF-B16A-70D62297FE54}.STATIC_ONLY NO_EXPRESSIONS|Any CPU.Build.0 = Release|Any CPU
		{7839A7F8-296F-45FF-B16A-70D62297FE54}.STATIC_ONLY NO_EXPRESSIONS|Itanium.ActiveCfg = Release|Any CPU
		{7839A7F8-296F-45FF-B16A-70D62297FE54}.STATIC_ONLY NO_EXPRESSIONS|Mixed Platforms.ActiveCfg = Release|Any CPU
		{7839A7F8-296F-45FF-B16A-70D62297FE54}.STATIC_ONLY NO_EXPRESSIONS|Mixed Platforms.Build.0 = Release|Any CPU
		{7839A7F8-296F-45FF-B16A-70D62297FE54}.STATIC_ONLY NO_EXPRESSIONS|x64.ActiveCfg = Release|Any CPU
		{7839A7F8-296F-45FF-B16A-70D62297FE54}.STATIC_ONLY NO_EXPRESSIONS|x86.ActiveCfg = Release|Any CPU
		{EF5D3F04-8939-4352-BF5E-44F61CE48D59}.Debug|Any CPU.ActiveCfg = Debug|Any CPU
		{EF5D3F04-8939-4352-BF5E-44F61CE48D59}.Debug|Any CPU.Build.0 = Debug|Any CPU
		{EF5D3F04-8939-4352-BF5E-44F61CE48D59}.Debug|Itanium.ActiveCfg = Debug|Any CPU
		{EF5D3F04-8939-4352-BF5E-44F61CE48D59}.Debug|Mixed Platforms.ActiveCfg = Debug|Any CPU
		{EF5D3F04-8939-4352-BF5E-44F61CE48D59}.Debug|Mixed Platforms.Build.0 = Debug|Any CPU
		{EF5D3F04-8939-4352-BF5E-44F61CE48D59}.Debug|x64.ActiveCfg = Debug|Any CPU
		{EF5D3F04-8939-4352-BF5E-44F61CE48D59}.Debug|x86.ActiveCfg = Debug|Any CPU
		{EF5D3F04-8939-4352-BF5E-44F61CE48D59}.MonoTouch|Any CPU.ActiveCfg = Release|Any CPU
		{EF5D3F04-8939-4352-BF5E-44F61CE48D59}.MonoTouch|Any CPU.Build.0 = Release|Any CPU
		{EF5D3F04-8939-4352-BF5E-44F61CE48D59}.MonoTouch|Itanium.ActiveCfg = Release|Any CPU
		{EF5D3F04-8939-4352-BF5E-44F61CE48D59}.MonoTouch|Mixed Platforms.ActiveCfg = Release|Any CPU
		{EF5D3F04-8939-4352-BF5E-44F61CE48D59}.MonoTouch|Mixed Platforms.Build.0 = Release|Any CPU
		{EF5D3F04-8939-4352-BF5E-44F61CE48D59}.MonoTouch|x64.ActiveCfg = Release|Any CPU
		{EF5D3F04-8939-4352-BF5E-44F61CE48D59}.MonoTouch|x86.ActiveCfg = Release|Any CPU
		{EF5D3F04-8939-4352-BF5E-44F61CE48D59}.Release|Any CPU.ActiveCfg = Release|Any CPU
		{EF5D3F04-8939-4352-BF5E-44F61CE48D59}.Release|Any CPU.Build.0 = Release|Any CPU
		{EF5D3F04-8939-4352-BF5E-44F61CE48D59}.Release|Itanium.ActiveCfg = Release|Any CPU
		{EF5D3F04-8939-4352-BF5E-44F61CE48D59}.Release|Mixed Platforms.ActiveCfg = Release|Any CPU
		{EF5D3F04-8939-4352-BF5E-44F61CE48D59}.Release|Mixed Platforms.Build.0 = Release|Any CPU
		{EF5D3F04-8939-4352-BF5E-44F61CE48D59}.Release|x64.ActiveCfg = Release|Any CPU
		{EF5D3F04-8939-4352-BF5E-44F61CE48D59}.Release|x86.ActiveCfg = Release|Any CPU
		{EF5D3F04-8939-4352-BF5E-44F61CE48D59}.STATIC_ONLY NO_EXPRESSIONS|Any CPU.ActiveCfg = Release|Any CPU
		{EF5D3F04-8939-4352-BF5E-44F61CE48D59}.STATIC_ONLY NO_EXPRESSIONS|Any CPU.Build.0 = Release|Any CPU
		{EF5D3F04-8939-4352-BF5E-44F61CE48D59}.STATIC_ONLY NO_EXPRESSIONS|Itanium.ActiveCfg = Release|Any CPU
		{EF5D3F04-8939-4352-BF5E-44F61CE48D59}.STATIC_ONLY NO_EXPRESSIONS|Mixed Platforms.ActiveCfg = Release|Any CPU
		{EF5D3F04-8939-4352-BF5E-44F61CE48D59}.STATIC_ONLY NO_EXPRESSIONS|Mixed Platforms.Build.0 = Release|Any CPU
		{EF5D3F04-8939-4352-BF5E-44F61CE48D59}.STATIC_ONLY NO_EXPRESSIONS|x64.ActiveCfg = Release|Any CPU
		{EF5D3F04-8939-4352-BF5E-44F61CE48D59}.STATIC_ONLY NO_EXPRESSIONS|x86.ActiveCfg = Release|Any CPU
		{7356BA5A-B44F-4E67-BF0C-5D641727C3FC}.Debug|Any CPU.ActiveCfg = Debug|Any CPU
		{7356BA5A-B44F-4E67-BF0C-5D641727C3FC}.Debug|Any CPU.Build.0 = Debug|Any CPU
		{7356BA5A-B44F-4E67-BF0C-5D641727C3FC}.Debug|Itanium.ActiveCfg = Debug|Any CPU
		{7356BA5A-B44F-4E67-BF0C-5D641727C3FC}.Debug|Mixed Platforms.ActiveCfg = Debug|Any CPU
		{7356BA5A-B44F-4E67-BF0C-5D641727C3FC}.Debug|Mixed Platforms.Build.0 = Debug|Any CPU
		{7356BA5A-B44F-4E67-BF0C-5D641727C3FC}.Debug|x64.ActiveCfg = Debug|Any CPU
		{7356BA5A-B44F-4E67-BF0C-5D641727C3FC}.Debug|x86.ActiveCfg = Debug|Any CPU
		{7356BA5A-B44F-4E67-BF0C-5D641727C3FC}.MonoTouch|Any CPU.ActiveCfg = Release|Any CPU
		{7356BA5A-B44F-4E67-BF0C-5D641727C3FC}.MonoTouch|Any CPU.Build.0 = Release|Any CPU
		{7356BA5A-B44F-4E67-BF0C-5D641727C3FC}.MonoTouch|Itanium.ActiveCfg = Release|Any CPU
		{7356BA5A-B44F-4E67-BF0C-5D641727C3FC}.MonoTouch|Mixed Platforms.ActiveCfg = Release|Any CPU
		{7356BA5A-B44F-4E67-BF0C-5D641727C3FC}.MonoTouch|Mixed Platforms.Build.0 = Release|Any CPU
		{7356BA5A-B44F-4E67-BF0C-5D641727C3FC}.MonoTouch|x64.ActiveCfg = Release|Any CPU
		{7356BA5A-B44F-4E67-BF0C-5D641727C3FC}.MonoTouch|x86.ActiveCfg = Release|Any CPU
		{7356BA5A-B44F-4E67-BF0C-5D641727C3FC}.Release|Any CPU.ActiveCfg = Release|Any CPU
		{7356BA5A-B44F-4E67-BF0C-5D641727C3FC}.Release|Any CPU.Build.0 = Release|Any CPU
		{7356BA5A-B44F-4E67-BF0C-5D641727C3FC}.Release|Itanium.ActiveCfg = Release|Any CPU
		{7356BA5A-B44F-4E67-BF0C-5D641727C3FC}.Release|Mixed Platforms.ActiveCfg = Release|Any CPU
		{7356BA5A-B44F-4E67-BF0C-5D641727C3FC}.Release|Mixed Platforms.Build.0 = Release|Any CPU
		{7356BA5A-B44F-4E67-BF0C-5D641727C3FC}.Release|x64.ActiveCfg = Release|Any CPU
		{7356BA5A-B44F-4E67-BF0C-5D641727C3FC}.Release|x86.ActiveCfg = Release|Any CPU
		{7356BA5A-B44F-4E67-BF0C-5D641727C3FC}.STATIC_ONLY NO_EXPRESSIONS|Any CPU.ActiveCfg = Release|Any CPU
		{7356BA5A-B44F-4E67-BF0C-5D641727C3FC}.STATIC_ONLY NO_EXPRESSIONS|Any CPU.Build.0 = Release|Any CPU
		{7356BA5A-B44F-4E67-BF0C-5D641727C3FC}.STATIC_ONLY NO_EXPRESSIONS|Itanium.ActiveCfg = Release|Any CPU
		{7356BA5A-B44F-4E67-BF0C-5D641727C3FC}.STATIC_ONLY NO_EXPRESSIONS|Mixed Platforms.ActiveCfg = Release|Any CPU
		{7356BA5A-B44F-4E67-BF0C-5D641727C3FC}.STATIC_ONLY NO_EXPRESSIONS|Mixed Platforms.Build.0 = Release|Any CPU
		{7356BA5A-B44F-4E67-BF0C-5D641727C3FC}.STATIC_ONLY NO_EXPRESSIONS|x64.ActiveCfg = Release|Any CPU
		{7356BA5A-B44F-4E67-BF0C-5D641727C3FC}.STATIC_ONLY NO_EXPRESSIONS|x86.ActiveCfg = Release|Any CPU
		{F441A3ED-F88E-4862-8648-D8A4C37E13C8}.Debug|Any CPU.ActiveCfg = Debug|Any CPU
		{F441A3ED-F88E-4862-8648-D8A4C37E13C8}.Debug|Any CPU.Build.0 = Debug|Any CPU
		{F441A3ED-F88E-4862-8648-D8A4C37E13C8}.Debug|Itanium.ActiveCfg = Debug|Any CPU
		{F441A3ED-F88E-4862-8648-D8A4C37E13C8}.Debug|Mixed Platforms.ActiveCfg = Debug|Any CPU
		{F441A3ED-F88E-4862-8648-D8A4C37E13C8}.Debug|Mixed Platforms.Build.0 = Debug|Any CPU
		{F441A3ED-F88E-4862-8648-D8A4C37E13C8}.Debug|x64.ActiveCfg = Debug|Any CPU
		{F441A3ED-F88E-4862-8648-D8A4C37E13C8}.Debug|x86.ActiveCfg = Debug|Any CPU
		{F441A3ED-F88E-4862-8648-D8A4C37E13C8}.MonoTouch|Any CPU.ActiveCfg = Release|Any CPU
		{F441A3ED-F88E-4862-8648-D8A4C37E13C8}.MonoTouch|Any CPU.Build.0 = Release|Any CPU
		{F441A3ED-F88E-4862-8648-D8A4C37E13C8}.MonoTouch|Itanium.ActiveCfg = Release|Any CPU
		{F441A3ED-F88E-4862-8648-D8A4C37E13C8}.MonoTouch|Mixed Platforms.ActiveCfg = Release|Any CPU
		{F441A3ED-F88E-4862-8648-D8A4C37E13C8}.MonoTouch|Mixed Platforms.Build.0 = Release|Any CPU
		{F441A3ED-F88E-4862-8648-D8A4C37E13C8}.MonoTouch|x64.ActiveCfg = Release|Any CPU
		{F441A3ED-F88E-4862-8648-D8A4C37E13C8}.MonoTouch|x86.ActiveCfg = Release|Any CPU
		{F441A3ED-F88E-4862-8648-D8A4C37E13C8}.Release|Any CPU.ActiveCfg = Release|Any CPU
		{F441A3ED-F88E-4862-8648-D8A4C37E13C8}.Release|Any CPU.Build.0 = Release|Any CPU
		{F441A3ED-F88E-4862-8648-D8A4C37E13C8}.Release|Itanium.ActiveCfg = Release|Any CPU
		{F441A3ED-F88E-4862-8648-D8A4C37E13C8}.Release|Mixed Platforms.ActiveCfg = Release|Any CPU
		{F441A3ED-F88E-4862-8648-D8A4C37E13C8}.Release|Mixed Platforms.Build.0 = Release|Any CPU
		{F441A3ED-F88E-4862-8648-D8A4C37E13C8}.Release|x64.ActiveCfg = Release|Any CPU
		{F441A3ED-F88E-4862-8648-D8A4C37E13C8}.Release|x86.ActiveCfg = Release|Any CPU
		{F441A3ED-F88E-4862-8648-D8A4C37E13C8}.STATIC_ONLY NO_EXPRESSIONS|Any CPU.ActiveCfg = Release|Any CPU
		{F441A3ED-F88E-4862-8648-D8A4C37E13C8}.STATIC_ONLY NO_EXPRESSIONS|Any CPU.Build.0 = Release|Any CPU
		{F441A3ED-F88E-4862-8648-D8A4C37E13C8}.STATIC_ONLY NO_EXPRESSIONS|Itanium.ActiveCfg = Release|Any CPU
		{F441A3ED-F88E-4862-8648-D8A4C37E13C8}.STATIC_ONLY NO_EXPRESSIONS|Mixed Platforms.ActiveCfg = Release|Any CPU
		{F441A3ED-F88E-4862-8648-D8A4C37E13C8}.STATIC_ONLY NO_EXPRESSIONS|Mixed Platforms.Build.0 = Release|Any CPU
		{F441A3ED-F88E-4862-8648-D8A4C37E13C8}.STATIC_ONLY NO_EXPRESSIONS|x64.ActiveCfg = Release|Any CPU
		{F441A3ED-F88E-4862-8648-D8A4C37E13C8}.STATIC_ONLY NO_EXPRESSIONS|x86.ActiveCfg = Release|Any CPU
		{85B0BE66-EB62-416E-8606-CF2C1EB3AE13}.Debug|Any CPU.ActiveCfg = Debug|Any CPU
		{85B0BE66-EB62-416E-8606-CF2C1EB3AE13}.Debug|Any CPU.Build.0 = Debug|Any CPU
		{85B0BE66-EB62-416E-8606-CF2C1EB3AE13}.Debug|Itanium.ActiveCfg = Debug|Any CPU
		{85B0BE66-EB62-416E-8606-CF2C1EB3AE13}.Debug|Mixed Platforms.ActiveCfg = Debug|Any CPU
		{85B0BE66-EB62-416E-8606-CF2C1EB3AE13}.Debug|Mixed Platforms.Build.0 = Debug|Any CPU
		{85B0BE66-EB62-416E-8606-CF2C1EB3AE13}.Debug|x64.ActiveCfg = Debug|Any CPU
		{85B0BE66-EB62-416E-8606-CF2C1EB3AE13}.Debug|x86.ActiveCfg = Debug|Any CPU
		{85B0BE66-EB62-416E-8606-CF2C1EB3AE13}.MonoTouch|Any CPU.ActiveCfg = Release|Any CPU
		{85B0BE66-EB62-416E-8606-CF2C1EB3AE13}.MonoTouch|Any CPU.Build.0 = Release|Any CPU
		{85B0BE66-EB62-416E-8606-CF2C1EB3AE13}.MonoTouch|Itanium.ActiveCfg = Release|Any CPU
		{85B0BE66-EB62-416E-8606-CF2C1EB3AE13}.MonoTouch|Mixed Platforms.ActiveCfg = Release|Any CPU
		{85B0BE66-EB62-416E-8606-CF2C1EB3AE13}.MonoTouch|Mixed Platforms.Build.0 = Release|Any CPU
		{85B0BE66-EB62-416E-8606-CF2C1EB3AE13}.MonoTouch|x64.ActiveCfg = Release|Any CPU
		{85B0BE66-EB62-416E-8606-CF2C1EB3AE13}.MonoTouch|x86.ActiveCfg = Release|Any CPU
		{85B0BE66-EB62-416E-8606-CF2C1EB3AE13}.Release|Any CPU.ActiveCfg = Release|Any CPU
		{85B0BE66-EB62-416E-8606-CF2C1EB3AE13}.Release|Any CPU.Build.0 = Release|Any CPU
		{85B0BE66-EB62-416E-8606-CF2C1EB3AE13}.Release|Itanium.ActiveCfg = Release|Any CPU
		{85B0BE66-EB62-416E-8606-CF2C1EB3AE13}.Release|Mixed Platforms.ActiveCfg = Release|Any CPU
		{85B0BE66-EB62-416E-8606-CF2C1EB3AE13}.Release|Mixed Platforms.Build.0 = Release|Any CPU
		{85B0BE66-EB62-416E-8606-CF2C1EB3AE13}.Release|x64.ActiveCfg = Release|Any CPU
		{85B0BE66-EB62-416E-8606-CF2C1EB3AE13}.Release|x86.ActiveCfg = Release|Any CPU
		{85B0BE66-EB62-416E-8606-CF2C1EB3AE13}.STATIC_ONLY NO_EXPRESSIONS|Any CPU.ActiveCfg = Release|Any CPU
		{85B0BE66-EB62-416E-8606-CF2C1EB3AE13}.STATIC_ONLY NO_EXPRESSIONS|Any CPU.Build.0 = Release|Any CPU
		{85B0BE66-EB62-416E-8606-CF2C1EB3AE13}.STATIC_ONLY NO_EXPRESSIONS|Itanium.ActiveCfg = Release|Any CPU
		{85B0BE66-EB62-416E-8606-CF2C1EB3AE13}.STATIC_ONLY NO_EXPRESSIONS|Mixed Platforms.ActiveCfg = Release|Any CPU
		{85B0BE66-EB62-416E-8606-CF2C1EB3AE13}.STATIC_ONLY NO_EXPRESSIONS|Mixed Platforms.Build.0 = Release|Any CPU
		{85B0BE66-EB62-416E-8606-CF2C1EB3AE13}.STATIC_ONLY NO_EXPRESSIONS|x64.ActiveCfg = Release|Any CPU
		{85B0BE66-EB62-416E-8606-CF2C1EB3AE13}.STATIC_ONLY NO_EXPRESSIONS|x86.ActiveCfg = Release|Any CPU
		{52BF2294-ECE9-4D8F-928A-D63674CE0B7E}.Debug|Any CPU.ActiveCfg = Debug|Any CPU
		{52BF2294-ECE9-4D8F-928A-D63674CE0B7E}.Debug|Any CPU.Build.0 = Debug|Any CPU
		{52BF2294-ECE9-4D8F-928A-D63674CE0B7E}.Debug|Itanium.ActiveCfg = Debug|Any CPU
		{52BF2294-ECE9-4D8F-928A-D63674CE0B7E}.Debug|Mixed Platforms.ActiveCfg = Debug|Any CPU
		{52BF2294-ECE9-4D8F-928A-D63674CE0B7E}.Debug|Mixed Platforms.Build.0 = Debug|Any CPU
		{52BF2294-ECE9-4D8F-928A-D63674CE0B7E}.Debug|x64.ActiveCfg = Debug|Any CPU
		{52BF2294-ECE9-4D8F-928A-D63674CE0B7E}.Debug|x86.ActiveCfg = Debug|Any CPU
		{52BF2294-ECE9-4D8F-928A-D63674CE0B7E}.MonoTouch|Any CPU.ActiveCfg = Release|Any CPU
		{52BF2294-ECE9-4D8F-928A-D63674CE0B7E}.MonoTouch|Any CPU.Build.0 = Release|Any CPU
		{52BF2294-ECE9-4D8F-928A-D63674CE0B7E}.MonoTouch|Itanium.ActiveCfg = Release|Any CPU
		{52BF2294-ECE9-4D8F-928A-D63674CE0B7E}.MonoTouch|Mixed Platforms.ActiveCfg = Release|Any CPU
		{52BF2294-ECE9-4D8F-928A-D63674CE0B7E}.MonoTouch|Mixed Platforms.Build.0 = Release|Any CPU
		{52BF2294-ECE9-4D8F-928A-D63674CE0B7E}.MonoTouch|x64.ActiveCfg = Release|Any CPU
		{52BF2294-ECE9-4D8F-928A-D63674CE0B7E}.MonoTouch|x86.ActiveCfg = Release|Any CPU
		{52BF2294-ECE9-4D8F-928A-D63674CE0B7E}.Release|Any CPU.ActiveCfg = Release|Any CPU
		{52BF2294-ECE9-4D8F-928A-D63674CE0B7E}.Release|Any CPU.Build.0 = Release|Any CPU
		{52BF2294-ECE9-4D8F-928A-D63674CE0B7E}.Release|Itanium.ActiveCfg = Release|Any CPU
		{52BF2294-ECE9-4D8F-928A-D63674CE0B7E}.Release|Mixed Platforms.ActiveCfg = Release|Any CPU
		{52BF2294-ECE9-4D8F-928A-D63674CE0B7E}.Release|Mixed Platforms.Build.0 = Release|Any CPU
		{52BF2294-ECE9-4D8F-928A-D63674CE0B7E}.Release|x64.ActiveCfg = Release|Any CPU
		{52BF2294-ECE9-4D8F-928A-D63674CE0B7E}.Release|x86.ActiveCfg = Release|Any CPU
		{52BF2294-ECE9-4D8F-928A-D63674CE0B7E}.STATIC_ONLY NO_EXPRESSIONS|Any CPU.ActiveCfg = Release|Any CPU
		{52BF2294-ECE9-4D8F-928A-D63674CE0B7E}.STATIC_ONLY NO_EXPRESSIONS|Any CPU.Build.0 = Release|Any CPU
		{52BF2294-ECE9-4D8F-928A-D63674CE0B7E}.STATIC_ONLY NO_EXPRESSIONS|Itanium.ActiveCfg = Release|Any CPU
		{52BF2294-ECE9-4D8F-928A-D63674CE0B7E}.STATIC_ONLY NO_EXPRESSIONS|Mixed Platforms.ActiveCfg = Release|Any CPU
		{52BF2294-ECE9-4D8F-928A-D63674CE0B7E}.STATIC_ONLY NO_EXPRESSIONS|Mixed Platforms.Build.0 = Release|Any CPU
		{52BF2294-ECE9-4D8F-928A-D63674CE0B7E}.STATIC_ONLY NO_EXPRESSIONS|x64.ActiveCfg = Release|Any CPU
		{52BF2294-ECE9-4D8F-928A-D63674CE0B7E}.STATIC_ONLY NO_EXPRESSIONS|x86.ActiveCfg = Release|Any CPU
		{F1D544FB-91C1-4A9F-99D4-237B34BC9A94}.Debug|Any CPU.ActiveCfg = Debug|Any CPU
		{F1D544FB-91C1-4A9F-99D4-237B34BC9A94}.Debug|Any CPU.Build.0 = Debug|Any CPU
		{F1D544FB-91C1-4A9F-99D4-237B34BC9A94}.Debug|Itanium.ActiveCfg = Debug|Any CPU
		{F1D544FB-91C1-4A9F-99D4-237B34BC9A94}.Debug|Mixed Platforms.ActiveCfg = Debug|Any CPU
		{F1D544FB-91C1-4A9F-99D4-237B34BC9A94}.Debug|Mixed Platforms.Build.0 = Debug|Any CPU
		{F1D544FB-91C1-4A9F-99D4-237B34BC9A94}.Debug|x64.ActiveCfg = Debug|Any CPU
		{F1D544FB-91C1-4A9F-99D4-237B34BC9A94}.Debug|x86.ActiveCfg = Debug|Any CPU
		{F1D544FB-91C1-4A9F-99D4-237B34BC9A94}.MonoTouch|Any CPU.ActiveCfg = Release|Any CPU
		{F1D544FB-91C1-4A9F-99D4-237B34BC9A94}.MonoTouch|Any CPU.Build.0 = Release|Any CPU
		{F1D544FB-91C1-4A9F-99D4-237B34BC9A94}.MonoTouch|Itanium.ActiveCfg = Release|Any CPU
		{F1D544FB-91C1-4A9F-99D4-237B34BC9A94}.MonoTouch|Mixed Platforms.ActiveCfg = Release|Any CPU
		{F1D544FB-91C1-4A9F-99D4-237B34BC9A94}.MonoTouch|Mixed Platforms.Build.0 = Release|Any CPU
		{F1D544FB-91C1-4A9F-99D4-237B34BC9A94}.MonoTouch|x64.ActiveCfg = Release|Any CPU
		{F1D544FB-91C1-4A9F-99D4-237B34BC9A94}.MonoTouch|x86.ActiveCfg = Release|Any CPU
		{F1D544FB-91C1-4A9F-99D4-237B34BC9A94}.Release|Any CPU.ActiveCfg = Release|Any CPU
		{F1D544FB-91C1-4A9F-99D4-237B34BC9A94}.Release|Any CPU.Build.0 = Release|Any CPU
		{F1D544FB-91C1-4A9F-99D4-237B34BC9A94}.Release|Itanium.ActiveCfg = Release|Any CPU
		{F1D544FB-91C1-4A9F-99D4-237B34BC9A94}.Release|Mixed Platforms.ActiveCfg = Release|Any CPU
		{F1D544FB-91C1-4A9F-99D4-237B34BC9A94}.Release|Mixed Platforms.Build.0 = Release|Any CPU
		{F1D544FB-91C1-4A9F-99D4-237B34BC9A94}.Release|x64.ActiveCfg = Release|Any CPU
		{F1D544FB-91C1-4A9F-99D4-237B34BC9A94}.Release|x86.ActiveCfg = Release|Any CPU
		{F1D544FB-91C1-4A9F-99D4-237B34BC9A94}.STATIC_ONLY NO_EXPRESSIONS|Any CPU.ActiveCfg = Release|Any CPU
		{F1D544FB-91C1-4A9F-99D4-237B34BC9A94}.STATIC_ONLY NO_EXPRESSIONS|Any CPU.Build.0 = Release|Any CPU
		{F1D544FB-91C1-4A9F-99D4-237B34BC9A94}.STATIC_ONLY NO_EXPRESSIONS|Itanium.ActiveCfg = Release|Any CPU
		{F1D544FB-91C1-4A9F-99D4-237B34BC9A94}.STATIC_ONLY NO_EXPRESSIONS|Mixed Platforms.ActiveCfg = Release|Any CPU
		{F1D544FB-91C1-4A9F-99D4-237B34BC9A94}.STATIC_ONLY NO_EXPRESSIONS|Mixed Platforms.Build.0 = Release|Any CPU
		{F1D544FB-91C1-4A9F-99D4-237B34BC9A94}.STATIC_ONLY NO_EXPRESSIONS|x64.ActiveCfg = Release|Any CPU
		{F1D544FB-91C1-4A9F-99D4-237B34BC9A94}.STATIC_ONLY NO_EXPRESSIONS|x86.ActiveCfg = Release|Any CPU
		{CB6516FC-06D4-4677-AB47-B415242C35F2}.Debug|Any CPU.ActiveCfg = Debug|Any CPU
		{CB6516FC-06D4-4677-AB47-B415242C35F2}.Debug|Any CPU.Build.0 = Debug|Any CPU
		{CB6516FC-06D4-4677-AB47-B415242C35F2}.Debug|Itanium.ActiveCfg = Debug|Any CPU
		{CB6516FC-06D4-4677-AB47-B415242C35F2}.Debug|Mixed Platforms.ActiveCfg = Debug|Any CPU
		{CB6516FC-06D4-4677-AB47-B415242C35F2}.Debug|Mixed Platforms.Build.0 = Debug|Any CPU
		{CB6516FC-06D4-4677-AB47-B415242C35F2}.Debug|x64.ActiveCfg = Debug|Any CPU
		{CB6516FC-06D4-4677-AB47-B415242C35F2}.Debug|x86.ActiveCfg = Debug|Any CPU
		{CB6516FC-06D4-4677-AB47-B415242C35F2}.MonoTouch|Any CPU.ActiveCfg = Release|Any CPU
		{CB6516FC-06D4-4677-AB47-B415242C35F2}.MonoTouch|Any CPU.Build.0 = Release|Any CPU
		{CB6516FC-06D4-4677-AB47-B415242C35F2}.MonoTouch|Itanium.ActiveCfg = Release|Any CPU
		{CB6516FC-06D4-4677-AB47-B415242C35F2}.MonoTouch|Mixed Platforms.ActiveCfg = Release|Any CPU
		{CB6516FC-06D4-4677-AB47-B415242C35F2}.MonoTouch|Mixed Platforms.Build.0 = Release|Any CPU
		{CB6516FC-06D4-4677-AB47-B415242C35F2}.MonoTouch|x64.ActiveCfg = Release|Any CPU
		{CB6516FC-06D4-4677-AB47-B415242C35F2}.MonoTouch|x86.ActiveCfg = Release|Any CPU
		{CB6516FC-06D4-4677-AB47-B415242C35F2}.Release|Any CPU.ActiveCfg = Release|Any CPU
		{CB6516FC-06D4-4677-AB47-B415242C35F2}.Release|Any CPU.Build.0 = Release|Any CPU
		{CB6516FC-06D4-4677-AB47-B415242C35F2}.Release|Itanium.ActiveCfg = Release|Any CPU
		{CB6516FC-06D4-4677-AB47-B415242C35F2}.Release|Mixed Platforms.ActiveCfg = Release|Any CPU
		{CB6516FC-06D4-4677-AB47-B415242C35F2}.Release|Mixed Platforms.Build.0 = Release|Any CPU
		{CB6516FC-06D4-4677-AB47-B415242C35F2}.Release|x64.ActiveCfg = Release|Any CPU
		{CB6516FC-06D4-4677-AB47-B415242C35F2}.Release|x86.ActiveCfg = Release|Any CPU
		{CB6516FC-06D4-4677-AB47-B415242C35F2}.STATIC_ONLY NO_EXPRESSIONS|Any CPU.ActiveCfg = Release|Any CPU
		{CB6516FC-06D4-4677-AB47-B415242C35F2}.STATIC_ONLY NO_EXPRESSIONS|Any CPU.Build.0 = Release|Any CPU
		{CB6516FC-06D4-4677-AB47-B415242C35F2}.STATIC_ONLY NO_EXPRESSIONS|Itanium.ActiveCfg = Release|Any CPU
		{CB6516FC-06D4-4677-AB47-B415242C35F2}.STATIC_ONLY NO_EXPRESSIONS|Mixed Platforms.ActiveCfg = Release|Any CPU
		{CB6516FC-06D4-4677-AB47-B415242C35F2}.STATIC_ONLY NO_EXPRESSIONS|Mixed Platforms.Build.0 = Release|Any CPU
		{CB6516FC-06D4-4677-AB47-B415242C35F2}.STATIC_ONLY NO_EXPRESSIONS|x64.ActiveCfg = Release|Any CPU
		{CB6516FC-06D4-4677-AB47-B415242C35F2}.STATIC_ONLY NO_EXPRESSIONS|x86.ActiveCfg = Release|Any CPU
		{7910C2DF-31A8-47EB-913F-8F8BAE06CC79}.Debug|Any CPU.ActiveCfg = Debug|Any CPU
		{7910C2DF-31A8-47EB-913F-8F8BAE06CC79}.Debug|Any CPU.Build.0 = Debug|Any CPU
		{7910C2DF-31A8-47EB-913F-8F8BAE06CC79}.Debug|Itanium.ActiveCfg = Debug|Any CPU
		{7910C2DF-31A8-47EB-913F-8F8BAE06CC79}.Debug|Mixed Platforms.ActiveCfg = Debug|Any CPU
		{7910C2DF-31A8-47EB-913F-8F8BAE06CC79}.Debug|Mixed Platforms.Build.0 = Debug|Any CPU
		{7910C2DF-31A8-47EB-913F-8F8BAE06CC79}.Debug|x64.ActiveCfg = Debug|Any CPU
		{7910C2DF-31A8-47EB-913F-8F8BAE06CC79}.Debug|x86.ActiveCfg = Debug|Any CPU
		{7910C2DF-31A8-47EB-913F-8F8BAE06CC79}.MonoTouch|Any CPU.ActiveCfg = Release|Any CPU
		{7910C2DF-31A8-47EB-913F-8F8BAE06CC79}.MonoTouch|Any CPU.Build.0 = Release|Any CPU
		{7910C2DF-31A8-47EB-913F-8F8BAE06CC79}.MonoTouch|Itanium.ActiveCfg = Release|Any CPU
		{7910C2DF-31A8-47EB-913F-8F8BAE06CC79}.MonoTouch|Mixed Platforms.ActiveCfg = Release|Any CPU
		{7910C2DF-31A8-47EB-913F-8F8BAE06CC79}.MonoTouch|Mixed Platforms.Build.0 = Release|Any CPU
		{7910C2DF-31A8-47EB-913F-8F8BAE06CC79}.MonoTouch|x64.ActiveCfg = Release|Any CPU
		{7910C2DF-31A8-47EB-913F-8F8BAE06CC79}.MonoTouch|x86.ActiveCfg = Release|Any CPU
		{7910C2DF-31A8-47EB-913F-8F8BAE06CC79}.Release|Any CPU.ActiveCfg = Release|Any CPU
		{7910C2DF-31A8-47EB-913F-8F8BAE06CC79}.Release|Any CPU.Build.0 = Release|Any CPU
		{7910C2DF-31A8-47EB-913F-8F8BAE06CC79}.Release|Itanium.ActiveCfg = Release|Any CPU
		{7910C2DF-31A8-47EB-913F-8F8BAE06CC79}.Release|Mixed Platforms.ActiveCfg = Release|Any CPU
		{7910C2DF-31A8-47EB-913F-8F8BAE06CC79}.Release|Mixed Platforms.Build.0 = Release|Any CPU
		{7910C2DF-31A8-47EB-913F-8F8BAE06CC79}.Release|x64.ActiveCfg = Release|Any CPU
		{7910C2DF-31A8-47EB-913F-8F8BAE06CC79}.Release|x86.ActiveCfg = Release|Any CPU
		{7910C2DF-31A8-47EB-913F-8F8BAE06CC79}.STATIC_ONLY NO_EXPRESSIONS|Any CPU.ActiveCfg = Release|Any CPU
		{7910C2DF-31A8-47EB-913F-8F8BAE06CC79}.STATIC_ONLY NO_EXPRESSIONS|Any CPU.Build.0 = Release|Any CPU
		{7910C2DF-31A8-47EB-913F-8F8BAE06CC79}.STATIC_ONLY NO_EXPRESSIONS|Itanium.ActiveCfg = Release|Any CPU
		{7910C2DF-31A8-47EB-913F-8F8BAE06CC79}.STATIC_ONLY NO_EXPRESSIONS|Mixed Platforms.ActiveCfg = Release|Any CPU
		{7910C2DF-31A8-47EB-913F-8F8BAE06CC79}.STATIC_ONLY NO_EXPRESSIONS|Mixed Platforms.Build.0 = Release|Any CPU
		{7910C2DF-31A8-47EB-913F-8F8BAE06CC79}.STATIC_ONLY NO_EXPRESSIONS|x64.ActiveCfg = Release|Any CPU
		{7910C2DF-31A8-47EB-913F-8F8BAE06CC79}.STATIC_ONLY NO_EXPRESSIONS|x86.ActiveCfg = Release|Any CPU
	EndGlobalSection
	GlobalSection(SolutionProperties) = preSolution
		HideSolutionNode = FALSE
	EndGlobalSection
	GlobalSection(NestedProjects) = preSolution
		{7356BA5A-B44F-4E67-BF0C-5D641727C3FC} = {57BAC0D1-775A-4D07-891E-818D35F7E26C}
	EndGlobalSection
EndGlobal
